// !$*UTF8*$!
{
	archiveVersion = 1;
	classes = {
	};
	objectVersion = 55;
	objects = {

/* Begin PBXBuildFile section */
		179B2A33271EE7C900CCD82B /* ChecklistApp.swift in Sources */ = {isa = PBXBuildFile; fileRef = 179B2A32271EE7C900CCD82B /* ChecklistApp.swift */; };
		179B2A35271EE7C900CCD82B /* ContentView.swift in Sources */ = {isa = PBXBuildFile; fileRef = 179B2A34271EE7C900CCD82B /* ContentView.swift */; };
		179B2A37271EE7CB00CCD82B /* Assets.xcassets in Resources */ = {isa = PBXBuildFile; fileRef = 179B2A36271EE7CB00CCD82B /* Assets.xcassets */; };
		179B2A3A271EE7CB00CCD82B /* Preview Assets.xcassets in Resources */ = {isa = PBXBuildFile; fileRef = 179B2A39271EE7CB00CCD82B /* Preview Assets.xcassets */; };
		179B2A5D271EEFF500CCD82B /* ButtonsFromBellow.swift in Sources */ = {isa = PBXBuildFile; fileRef = 179B2A5C271EEFF500CCD82B /* ButtonsFromBellow.swift */; };
		179B2A5F27203E3300CCD82B /* ScreenWhereYouCanAddYourTasks.swift in Sources */ = {isa = PBXBuildFile; fileRef = 179B2A5E27203E3300CCD82B /* ScreenWhereYouCanAddYourTasks.swift */; };
		179B2A6127203E6F00CCD82B /* ButtonAdd.swift in Sources */ = {isa = PBXBuildFile; fileRef = 179B2A6027203E6F00CCD82B /* ButtonAdd.swift */; };
		179B2A632721BCCB00CCD82B /* ChecklistViewModel.swift in Sources */ = {isa = PBXBuildFile; fileRef = 179B2A622721BCCB00CCD82B /* ChecklistViewModel.swift */; };
		17A11C41274E294D001B8AD7 /* SearchBarToFilter.swift in Sources */ = {isa = PBXBuildFile; fileRef = 17A11C40274E294D001B8AD7 /* SearchBarToFilter.swift */; };
		17A11C43274E39B7001B8AD7 /* Test.swift in Sources */ = {isa = PBXBuildFile; fileRef = 17A11C42274E39B7001B8AD7 /* Test.swift */; };
		17A878752748E9CC0072C379 /* FilterTasks.swift in Sources */ = {isa = PBXBuildFile; fileRef = 17A878742748E9CC0072C379 /* FilterTasks.swift */; };
		17A878772748EB830072C379 /* CalendarButtonAcceptAndCancel.swift in Sources */ = {isa = PBXBuildFile; fileRef = 17A878762748EB830072C379 /* CalendarButtonAcceptAndCancel.swift */; };
		17B55A23273BBD3600C41677 /* CalendarScreen.swift in Sources */ = {isa = PBXBuildFile; fileRef = 17B55A22273BBD3600C41677 /* CalendarScreen.swift */; };
/* End PBXBuildFile section */

/* Begin PBXFileReference section */
		179B2A2F271EE7C900CCD82B /* Checklist.app */ = {isa = PBXFileReference; explicitFileType = wrapper.application; includeInIndex = 0; path = Checklist.app; sourceTree = BUILT_PRODUCTS_DIR; };
		179B2A32271EE7C900CCD82B /* ChecklistApp.swift */ = {isa = PBXFileReference; lastKnownFileType = sourcecode.swift; path = ChecklistApp.swift; sourceTree = "<group>"; };
		179B2A34271EE7C900CCD82B /* ContentView.swift */ = {isa = PBXFileReference; lastKnownFileType = sourcecode.swift; path = ContentView.swift; sourceTree = "<group>"; };
		179B2A36271EE7CB00CCD82B /* Assets.xcassets */ = {isa = PBXFileReference; lastKnownFileType = folder.assetcatalog; path = Assets.xcassets; sourceTree = "<group>"; };
		179B2A39271EE7CB00CCD82B /* Preview Assets.xcassets */ = {isa = PBXFileReference; lastKnownFileType = folder.assetcatalog; path = "Preview Assets.xcassets"; sourceTree = "<group>"; };
		179B2A5C271EEFF500CCD82B /* ButtonsFromBellow.swift */ = {isa = PBXFileReference; lastKnownFileType = sourcecode.swift; path = ButtonsFromBellow.swift; sourceTree = "<group>"; };
		179B2A5E27203E3300CCD82B /* ScreenWhereYouCanAddYourTasks.swift */ = {isa = PBXFileReference; lastKnownFileType = sourcecode.swift; path = ScreenWhereYouCanAddYourTasks.swift; sourceTree = "<group>"; };
		179B2A6027203E6F00CCD82B /* ButtonAdd.swift */ = {isa = PBXFileReference; lastKnownFileType = sourcecode.swift; path = ButtonAdd.swift; sourceTree = "<group>"; };
		179B2A622721BCCB00CCD82B /* ChecklistViewModel.swift */ = {isa = PBXFileReference; lastKnownFileType = sourcecode.swift; path = ChecklistViewModel.swift; sourceTree = "<group>"; };
		17A11C40274E294D001B8AD7 /* SearchBarToFilter.swift */ = {isa = PBXFileReference; lastKnownFileType = sourcecode.swift; path = SearchBarToFilter.swift; sourceTree = "<group>"; };
		17A11C42274E39B7001B8AD7 /* Test.swift */ = {isa = PBXFileReference; lastKnownFileType = sourcecode.swift; path = Test.swift; sourceTree = "<group>"; };
		17A878742748E9CC0072C379 /* FilterTasks.swift */ = {isa = PBXFileReference; lastKnownFileType = sourcecode.swift; path = FilterTasks.swift; sourceTree = "<group>"; };
		17A878762748EB830072C379 /* CalendarButtonAcceptAndCancel.swift */ = {isa = PBXFileReference; lastKnownFileType = sourcecode.swift; path = CalendarButtonAcceptAndCancel.swift; sourceTree = "<group>"; };
		17B55A22273BBD3600C41677 /* CalendarScreen.swift */ = {isa = PBXFileReference; lastKnownFileType = sourcecode.swift; path = CalendarScreen.swift; sourceTree = "<group>"; };
/* End PBXFileReference section */

/* Begin PBXFrameworksBuildPhase section */
		179B2A2C271EE7C900CCD82B /* Frameworks */ = {
			isa = PBXFrameworksBuildPhase;
			buildActionMask = 2147483647;
			files = (
			);
			runOnlyForDeploymentPostprocessing = 0;
		};
/* End PBXFrameworksBuildPhase section */

/* Begin PBXGroup section */
		179B2A26271EE7C900CCD82B = {
			isa = PBXGroup;
			children = (
				17A11C42274E39B7001B8AD7 /* Test.swift */,
				179B2A31271EE7C900CCD82B /* Checklist */,
				179B2A30271EE7C900CCD82B /* Products */,
			);
			sourceTree = "<group>";
		};
		179B2A30271EE7C900CCD82B /* Products */ = {
			isa = PBXGroup;
			children = (
				179B2A2F271EE7C900CCD82B /* Checklist.app */,
			);
			name = Products;
			sourceTree = "<group>";
		};
		179B2A31271EE7C900CCD82B /* Checklist */ = {
			isa = PBXGroup;
			children = (
				179B2A32271EE7C900CCD82B /* ChecklistApp.swift */,
				179B2A34271EE7C900CCD82B /* ContentView.swift */,
				17B55A22273BBD3600C41677 /* CalendarScreen.swift */,
				179B2A622721BCCB00CCD82B /* ChecklistViewModel.swift */,
				17A11C40274E294D001B8AD7 /* SearchBarToFilter.swift */,
				17A878742748E9CC0072C379 /* FilterTasks.swift */,
				179B2A5E27203E3300CCD82B /* ScreenWhereYouCanAddYourTasks.swift */,
				17A878762748EB830072C379 /* CalendarButtonAcceptAndCancel.swift */,
				179B2A6027203E6F00CCD82B /* ButtonAdd.swift */,
				179B2A5C271EEFF500CCD82B /* ButtonsFromBellow.swift */,
				179B2A36271EE7CB00CCD82B /* Assets.xcassets */,
				179B2A38271EE7CB00CCD82B /* Preview Content */,
			);
			path = Checklist;
			sourceTree = "<group>";
		};
		179B2A38271EE7CB00CCD82B /* Preview Content */ = {
			isa = PBXGroup;
			children = (
				179B2A39271EE7CB00CCD82B /* Preview Assets.xcassets */,
			);
			path = "Preview Content";
			sourceTree = "<group>";
		};
/* End PBXGroup section */

/* Begin PBXNativeTarget section */
		179B2A2E271EE7C900CCD82B /* Checklist */ = {
			isa = PBXNativeTarget;
			buildConfigurationList = 179B2A3D271EE7CB00CCD82B /* Build configuration list for PBXNativeTarget "Checklist" */;
			buildPhases = (
				179B2A2B271EE7C900CCD82B /* Sources */,
				179B2A2C271EE7C900CCD82B /* Frameworks */,
				179B2A2D271EE7C900CCD82B /* Resources */,
			);
			buildRules = (
			);
			dependencies = (
			);
			name = Checklist;
			productName = Checklist;
			productReference = 179B2A2F271EE7C900CCD82B /* Checklist.app */;
			productType = "com.apple.product-type.application";
		};
/* End PBXNativeTarget section */

/* Begin PBXProject section */
		179B2A27271EE7C900CCD82B /* Project object */ = {
			isa = PBXProject;
			attributes = {
				BuildIndependentTargetsInParallel = 1;
				LastSwiftUpdateCheck = 1300;
				LastUpgradeCheck = 1300;
				TargetAttributes = {
					179B2A2E271EE7C900CCD82B = {
						CreatedOnToolsVersion = 13.0;
					};
				};
			};
			buildConfigurationList = 179B2A2A271EE7C900CCD82B /* Build configuration list for PBXProject "Checklist" */;
			compatibilityVersion = "Xcode 13.0";
			developmentRegion = en;
			hasScannedForEncodings = 0;
			knownRegions = (
				en,
				Base,
			);
			mainGroup = 179B2A26271EE7C900CCD82B;
			productRefGroup = 179B2A30271EE7C900CCD82B /* Products */;
			projectDirPath = "";
			projectRoot = "";
			targets = (
				179B2A2E271EE7C900CCD82B /* Checklist */,
			);
		};
/* End PBXProject section */

/* Begin PBXResourcesBuildPhase section */
		179B2A2D271EE7C900CCD82B /* Resources */ = {
			isa = PBXResourcesBuildPhase;
			buildActionMask = 2147483647;
			files = (
				179B2A3A271EE7CB00CCD82B /* Preview Assets.xcassets in Resources */,
				179B2A37271EE7CB00CCD82B /* Assets.xcassets in Resources */,
			);
			runOnlyForDeploymentPostprocessing = 0;
		};
/* End PBXResourcesBuildPhase section */

/* Begin PBXSourcesBuildPhase section */
		179B2A2B271EE7C900CCD82B /* Sources */ = {
			isa = PBXSourcesBuildPhase;
			buildActionMask = 2147483647;
			files = (
				17A878752748E9CC0072C379 /* FilterTasks.swift in Sources */,
				179B2A6127203E6F00CCD82B /* ButtonAdd.swift in Sources */,
				179B2A35271EE7C900CCD82B /* ContentView.swift in Sources */,
				179B2A5D271EEFF500CCD82B /* ButtonsFromBellow.swift in Sources */,
				179B2A5F27203E3300CCD82B /* ScreenWhereYouCanAddYourTasks.swift in Sources */,
				17A11C43274E39B7001B8AD7 /* Test.swift in Sources */,
				179B2A33271EE7C900CCD82B /* ChecklistApp.swift in Sources */,
				17A878772748EB830072C379 /* CalendarButtonAcceptAndCancel.swift in Sources */,
				17B55A23273BBD3600C41677 /* CalendarScreen.swift in Sources */,
				17A11C41274E294D001B8AD7 /* SearchBarToFilter.swift in Sources */,
				179B2A632721BCCB00CCD82B /* ChecklistViewModel.swift in Sources */,
			);
			runOnlyForDeploymentPostprocessing = 0;
		};
/* End PBXSourcesBuildPhase section */

/* Begin XCBuildConfiguration section */
		179B2A3B271EE7CB00CCD82B /* Debug */ = {
			isa = XCBuildConfiguration;
			buildSettings = {
				ALWAYS_SEARCH_USER_PATHS = NO;
				CLANG_ANALYZER_NONNULL = YES;
				CLANG_ANALYZER_NUMBER_OBJECT_CONVERSION = YES_AGGRESSIVE;
				CLANG_CXX_LANGUAGE_STANDARD = "gnu++17";
				CLANG_CXX_LIBRARY = "libc++";
				CLANG_ENABLE_MODULES = YES;
				CLANG_ENABLE_OBJC_ARC = YES;
				CLANG_ENABLE_OBJC_WEAK = YES;
				CLANG_WARN_BLOCK_CAPTURE_AUTORELEASING = YES;
				CLANG_WARN_BOOL_CONVERSION = YES;
				CLANG_WARN_COMMA = YES;
				CLANG_WARN_CONSTANT_CONVERSION = YES;
				CLANG_WARN_DEPRECATED_OBJC_IMPLEMENTATIONS = YES;
				CLANG_WARN_DIRECT_OBJC_ISA_USAGE = YES_ERROR;
				CLANG_WARN_DOCUMENTATION_COMMENTS = YES;
				CLANG_WARN_EMPTY_BODY = YES;
				CLANG_WARN_ENUM_CONVERSION = YES;
				CLANG_WARN_INFINITE_RECURSION = YES;
				CLANG_WARN_INT_CONVERSION = YES;
				CLANG_WARN_NON_LITERAL_NULL_CONVERSION = YES;
				CLANG_WARN_OBJC_IMPLICIT_RETAIN_SELF = YES;
				CLANG_WARN_OBJC_LITERAL_CONVERSION = YES;
				CLANG_WARN_OBJC_ROOT_CLASS = YES_ERROR;
				CLANG_WARN_QUOTED_INCLUDE_IN_FRAMEWORK_HEADER = YES;
				CLANG_WARN_RANGE_LOOP_ANALYSIS = YES;
				CLANG_WARN_STRICT_PROTOTYPES = YES;
				CLANG_WARN_SUSPICIOUS_MOVE = YES;
				CLANG_WARN_UNGUARDED_AVAILABILITY = YES_AGGRESSIVE;
				CLANG_WARN_UNREACHABLE_CODE = YES;
				CLANG_WARN__DUPLICATE_METHOD_MATCH = YES;
				COPY_PHASE_STRIP = NO;
				DEBUG_INFORMATION_FORMAT = dwarf;
				ENABLE_STRICT_OBJC_MSGSEND = YES;
				ENABLE_TESTABILITY = YES;
				GCC_C_LANGUAGE_STANDARD = gnu11;
				GCC_DYNAMIC_NO_PIC = NO;
				GCC_NO_COMMON_BLOCKS = YES;
				GCC_OPTIMIZATION_LEVEL = 0;
				GCC_PREPROCESSOR_DEFINITIONS = (
					"DEBUG=1",
					"$(inherited)",
				);
				GCC_WARN_64_TO_32_BIT_CONVERSION = YES;
				GCC_WARN_ABOUT_RETURN_TYPE = YES_ERROR;
				GCC_WARN_UNDECLARED_SELECTOR = YES;
				GCC_WARN_UNINITIALIZED_AUTOS = YES_AGGRESSIVE;
				GCC_WARN_UNUSED_FUNCTION = YES;
				GCC_WARN_UNUSED_VARIABLE = YES;
				IPHONEOS_DEPLOYMENT_TARGET = 15.0;
				MTL_ENABLE_DEBUG_INFO = INCLUDE_SOURCE;
				MTL_FAST_MATH = YES;
				ONLY_ACTIVE_ARCH = YES;
				SDKROOT = iphoneos;
				SWIFT_ACTIVE_COMPILATION_CONDITIONS = DEBUG;
				SWIFT_OPTIMIZATION_LEVEL = "-Onone";
			};
			name = Debug;
		};
		179B2A3C271EE7CB00CCD82B /* Release */ = {
			isa = XCBuildConfiguration;
			buildSettings = {
				ALWAYS_SEARCH_USER_PATHS = NO;
				CLANG_ANALYZER_NONNULL = YES;
				CLANG_ANALYZER_NUMBER_OBJECT_CONVERSION = YES_AGGRESSIVE;
				CLANG_CXX_LANGUAGE_STANDARD = "gnu++17";
				CLANG_CXX_LIBRARY = "libc++";
				CLANG_ENABLE_MODULES = YES;
				CLANG_ENABLE_OBJC_ARC = YES;
				CLANG_ENABLE_OBJC_WEAK = YES;
				CLANG_WARN_BLOCK_CAPTURE_AUTORELEASING = YES;
				CLANG_WARN_BOOL_CONVERSION = YES;
				CLANG_WARN_COMMA = YES;
				CLANG_WARN_CONSTANT_CONVERSION = YES;
				CLANG_WARN_DEPRECATED_OBJC_IMPLEMENTATIONS = YES;
				CLANG_WARN_DIRECT_OBJC_ISA_USAGE = YES_ERROR;
				CLANG_WARN_DOCUMENTATION_COMMENTS = YES;
				CLANG_WARN_EMPTY_BODY = YES;
				CLANG_WARN_ENUM_CONVERSION = YES;
				CLANG_WARN_INFINITE_RECURSION = YES;
				CLANG_WARN_INT_CONVERSION = YES;
				CLANG_WARN_NON_LITERAL_NULL_CONVERSION = YES;
				CLANG_WARN_OBJC_IMPLICIT_RETAIN_SELF = YES;
				CLANG_WARN_OBJC_LITERAL_CONVERSION = YES;
				CLANG_WARN_OBJC_ROOT_CLASS = YES_ERROR;
				CLANG_WARN_QUOTED_INCLUDE_IN_FRAMEWORK_HEADER = YES;
				CLANG_WARN_RANGE_LOOP_ANALYSIS = YES;
				CLANG_WARN_STRICT_PROTOTYPES = YES;
				CLANG_WARN_SUSPICIOUS_MOVE = YES;
				CLANG_WARN_UNGUARDED_AVAILABILITY = YES_AGGRESSIVE;
				CLANG_WARN_UNREACHABLE_CODE = YES;
				CLANG_WARN__DUPLICATE_METHOD_MATCH = YES;
				COPY_PHASE_STRIP = NO;
				DEBUG_INFORMATION_FORMAT = "dwarf-with-dsym";
				ENABLE_NS_ASSERTIONS = NO;
				ENABLE_STRICT_OBJC_MSGSEND = YES;
				GCC_C_LANGUAGE_STANDARD = gnu11;
				GCC_NO_COMMON_BLOCKS = YES;
				GCC_WARN_64_TO_32_BIT_CONVERSION = YES;
				GCC_WARN_ABOUT_RETURN_TYPE = YES_ERROR;
				GCC_WARN_UNDECLARED_SELECTOR = YES;
				GCC_WARN_UNINITIALIZED_AUTOS = YES_AGGRESSIVE;
				GCC_WARN_UNUSED_FUNCTION = YES;
				GCC_WARN_UNUSED_VARIABLE = YES;
				IPHONEOS_DEPLOYMENT_TARGET = 15.0;
				MTL_ENABLE_DEBUG_INFO = NO;
				MTL_FAST_MATH = YES;
				SDKROOT = iphoneos;
				SWIFT_COMPILATION_MODE = wholemodule;
				SWIFT_OPTIMIZATION_LEVEL = "-O";
				VALIDATE_PRODUCT = YES;
			};
			name = Release;
		};
		179B2A3E271EE7CB00CCD82B /* Debug */ = {
			isa = XCBuildConfiguration;
			buildSettings = {
				ASSETCATALOG_COMPILER_APPICON_NAME = AppIcon;
				ASSETCATALOG_COMPILER_GLOBAL_ACCENT_COLOR_NAME = AccentColor;
				CODE_SIGN_STYLE = Automatic;
				CURRENT_PROJECT_VERSION = 1;
				DEVELOPMENT_ASSET_PATHS = "\"Checklist/Preview Content\"";
				DEVELOPMENT_TEAM = J4QDA26SL4;
				ENABLE_PREVIEWS = YES;
				GENERATE_INFOPLIST_FILE = YES;
				INFOPLIST_KEY_UIApplicationSceneManifest_Generation = YES;
				INFOPLIST_KEY_UIApplicationSupportsIndirectInputEvents = YES;
				INFOPLIST_KEY_UILaunchScreen_Generation = YES;
				INFOPLIST_KEY_UISupportedInterfaceOrientations_iPad = "UIInterfaceOrientationPortrait UIInterfaceOrientationPortraitUpsideDown UIInterfaceOrientationLandscapeLeft UIInterfaceOrientationLandscapeRight";
				INFOPLIST_KEY_UISupportedInterfaceOrientations_iPhone = "UIInterfaceOrientationPortrait UIInterfaceOrientationLandscapeLeft UIInterfaceOrientationLandscapeRight";
				IPHONEOS_DEPLOYMENT_TARGET = 15.0;
				LD_RUNPATH_SEARCH_PATHS = (
					"$(inherited)",
					"@executable_path/Frameworks",
				);
				MARKETING_VERSION = 1.0;
				PRODUCT_BUNDLE_IDENTIFIER = "maxfrancuzov-gmail.com.Checklist";
				PRODUCT_NAME = "$(TARGET_NAME)";
				SWIFT_EMIT_LOC_STRINGS = YES;
				SWIFT_VERSION = 5.0;
				TARGETED_DEVICE_FAMILY = "1,2";
			};
			name = Debug;
		};
		179B2A3F271EE7CB00CCD82B /* Release */ = {
			isa = XCBuildConfiguration;
			buildSettings = {
				ASSETCATALOG_COMPILER_APPICON_NAME = AppIcon;
				ASSETCATALOG_COMPILER_GLOBAL_ACCENT_COLOR_NAME = AccentColor;
				CODE_SIGN_STYLE = Automatic;
				CURRENT_PROJECT_VERSION = 1;
				DEVELOPMENT_ASSET_PATHS = "\"Checklist/Preview Content\"";
				DEVELOPMENT_TEAM = J4QDA26SL4;
				ENABLE_PREVIEWS = YES;
				GENERATE_INFOPLIST_FILE = YES;
				INFOPLIST_KEY_UIApplicationSceneManifest_Generation = YES;
				INFOPLIST_KEY_UIApplicationSupportsIndirectInputEvents = YES;
				INFOPLIST_KEY_UILaunchScreen_Generation = YES;
				INFOPLIST_KEY_UISupportedInterfaceOrientations_iPad = "UIInterfaceOrientationPortrait UIInterfaceOrientationPortraitUpsideDown UIInterfaceOrientationLandscapeLeft UIInterfaceOrientationLandscapeRight";
				INFOPLIST_KEY_UISupportedInterfaceOrientations_iPhone = "UIInterfaceOrientationPortrait UIInterfaceOrientationLandscapeLeft UIInterfaceOrientationLandscapeRight";
				IPHONEOS_DEPLOYMENT_TARGET = 15.0;
				LD_RUNPATH_SEARCH_PATHS = (
					"$(inherited)",
					"@executable_path/Frameworks",
				);
				MARKETING_VERSION = 1.0;
				PRODUCT_BUNDLE_IDENTIFIER = "maxfrancuzov-gmail.com.Checklist";
				PRODUCT_NAME = "$(TARGET_NAME)";
				SWIFT_EMIT_LOC_STRINGS = YES;
				SWIFT_VERSION = 5.0;
				TARGETED_DEVICE_FAMILY = "1,2";
			};
			name = Release;
		};
/* End XCBuildConfiguration section */

/* Begin XCConfigurationList section */
		179B2A2A271EE7C900CCD82B /* Build configuration list for PBXProject "Checklist" */ = {
			isa = XCConfigurationList;
			buildConfigurations = (
				179B2A3B271EE7CB00CCD82B /* Debug */,
				179B2A3C271EE7CB00CCD82B /* Release */,
			);
			defaultConfigurationIsVisible = 0;
			defaultConfigurationName = Release;
		};
		179B2A3D271EE7CB00CCD82B /* Build configuration list for PBXNativeTarget "Checklist" */ = {
			isa = XCConfigurationList;
			buildConfigurations = (
				179B2A3E271EE7CB00CCD82B /* Debug */,
				179B2A3F271EE7CB00CCD82B /* Release */,
			);
			defaultConfigurationIsVisible = 0;
			defaultConfigurationName = Release;
		};
/* End XCConfigurationList section */
	};
	rootObject = 179B2A27271EE7C900CCD82B /* Project object */;
}
